codeberg.org/readeck/go-readability v0.0.0-20251125211941-0f57a445e5f1 h1:H8cGNlK0DXEm0bUkHYa0iZ7x+g7HCgwf3A0s3w1OOc=
codeberg.org/readeck/go-readability v0.0.0-20251125211941-0f57a445e5f1/go.mod h1:wq/iCU4gBGMPqLKG2N0U6AQqaEPfWQgR8eKZ9Fx8Kk=
github.com/JohannesKaufmann/dom v0.0.0-20240805145728-cb9c653d37eb h1:5aTNZTdLBYPt6QJXGFR+QH4jZxX6T7pXW4RTd45y3I=
github.com/JohannesKaufmann/dom v0.0.0-20240805145728-cb9c653d37eb/go.mod h1:6L4C3RhKDamAMdKcbQfW0yJvXa/k7Y9iBBCyN7AjE8=
github.com/JohannesKaufmann/html-to-markdown/v2 v2.5.0 h1:9TZ6Gm9pxF3uCFqKWPT7oZLccHN7p/cYfKQlVuLLTU=
github.com/JohannesKaufmann/html-to-markdown/v2 v2.5.0/go.mod h1:T0VGjP7tW/dR8f9xhY7RvHMQDQb4Z2PdW6/kXFLEk0=
github.com/andybalholm/cascadia v1.3.1 h1:nhxNvj7eqotsFNpF5R1mYJ2ir3dj3OXnVvW5gSh4Nk=
github.com/andybalholm/cascadia v1.3.1/go.mod h1:qLthokbBUcqptXKp1xf9x3DM3nJT6c9rIo3wUBhKQY=
github.com/dlclark/regexp2 v1.9.0 h1:pDpHmpmVDVpCcqoZmTy56azO2pNLYAXtVtsIcFQD/Y=
github.com/dlclark/regexp2 v1.9.0/go.mod h1:DHkj7+U6vvA8v/0eKBQOagU8QRrZYMV6PqR5DEsjvs=
github.com/fsnotify/fsnotify v1.10.0 h1:Xx/5Ydg9CeBDX/wi4VJqStNtohYjitZhhlHt4h3St1M=
github.com/fsnotify/fsnotify v1.10.0/go.mod h1:TLheqan6HD6GBK6PrDWyDPBaEV8LspOxvPSjC+bVfgo=
github.com/horiagug/youtube-transcript-api-go v0.0.13 h1:u+/yJw96lEOkGwYCPLqCKgDsJNdwu0CUJB1AwMzSKI=
github.com/horiagug/youtube-transcript-api-go v0.0.13/go.mod h1:rKhEinOTd1g0/vXKCfpUjGMVW8vLZl4Bd2eQpnKqLg=
github.com/ledongthuc/pdf v0.0.0-20250511090121-5959a4027728 h1:XGGzQl3D1TEe8VJfJkG8R5LqfQMBNzTvJcP/6xtArI=
github.com/ledongthuc/pdf v0.0.0-20250511090121-5959a4027728/go.mod h1:qvxvSoMroMZfolRfWjJd4PSXKChYsXi3BpjfZGLVqE=
github.com/mattn/go-isatty v0.0.20 h1:xfD0iDuEKLC0E1rnLnyaXj9By1nMNa8yfVx0Kea0Vw=
github.com/mattn/go-isatty v0.0.20/go.mod h1:W+V8PltTTMjeJstxQlw+ThMGIChinaVJAjjWxO0w9M=
github.com/remyoudompheng/bigfft v0.0.0-20230129092748-24d4a6f8daec h1:W09IVJc94icq7NcWP5io/b6M/qYRW07FJGreJ5hL8A=
github.com/remyoudompheng/bigfft v0.0.0-20230129092748-24d4a6f8daec/go.mod h1:qqbHyh8v60DhA7CoWK5oRCqLrMHRGoxYCSS9EjMKVg=
golang.org/x/net v0.35.0 h1:+V6gHjGQrx27ZaY0qhUuKvmGftDKaKrites9ctclaims=
golang.org/x/net v0.35.0/go.mod h1:fQC1y36GuOTSPW1G8wGxlrprnWKMkxvncdnI2w6BlI=
golang.org/x/sys v0.13.0 h1:Af8nKPmuFypiUBjVoU9V20FiaFXOcuZI21p0ycVYYGE=
golang.org/x/sys v0.13.0/go.mod h1:oPkhp1MJrh7nUepCBck5+mAzfO9JrbApNNgaTdGDITg=
gopkg.in/check.v1 v0.0.0-20161208181325-20d25e280405 h1:yhCVgyC4o1eVCa2tZl7eS0r+SDo693bJlVdllGtEeKM=
gopkg.in/check.v1 v0.0.0-20161208181325-20d25e280405/go.mod h1:Co6ibVJAznAaIkqp8huTwlJQCZ016jof/cbN4VW5Yz0=
gopkg.in/yaml.v3 v3.0.1 h1:fxVm/GzAzEWqLHuvctI91KS9hhNmmWOoWu0XTYJS7CA=
gopkg.in/yaml.v3 v3.0.1/go.mod h1:K4uyk7z7BCEPqu6E+C64Yfv1cQ7kz7rIZviUmN+EgEM=
modernc.org/gc/v2 v2.0.1 h1:vqfdS+kGPJ6VXRanQ5SSwFQX7g3LlzVjdO/E6UpLqU=
modernc.org/gc/v2 v2.0.1/go.mod h1:NN4cq6DfDZfx+zxIBSCEm3QfNqtJmzGLuEGOwMRMkA=
modernc.org/libc v1.41.0 h1:g+O0XfFe1wB0uDl6KGqwRvg/RKuqUhw2FhgJVJ8kXQ=
modernc.org/libc v1.41.0/go.mod h1:w0WCx8SdXZ5yPTH7lFIcM4gT8wqKv0VcjB38FHR24I=
modernc.org/mathutil v1.6.0 h1:fRe9+AmYlaej+64JsEEQQUS50x88j1xQJQrZmy4zz8=
modernc.org/mathutil v1.6.0/go.mod h1:Ui5Q9q1TR2gFm0AQRqQUeBrDo34VZYeon6YnRAyZ/8=
modernc.org/memory v1.8.0 h1:IqGTL6NeGnjL9Fl3Z54PL2olqkAmwMRtnbZY+YKLuA=
modernc.org/memory v1.8.0/go.mod h1:XPynWyMOcqjEAoxc0Lt+US0w/gq2l9cIcgo8sqKkqA=
modernc.org/sqlite v1.29.8 h1:Np6Vvx8xXqvNqr5Tm5IXxKGfYfJOdQ1q+5gIXAqCqU=
modernc.org/sqlite v1.29.8/go.mod h1:RpoJzjdQ6klCrAW9BnPXe3W2B7PnhMEbMOHdQiM4vg=
modernc.org/strutil v1.2.0 h1:agBi9dp1I+eOnxXeiZjMGB9kF5DM+KWbXUnSnQwebs=
modernc.org/strutil v1.2.0/go.mod h1:NqQ+tcPMGLcdQjRNk7wHkSEF45PGJwIAar/8cVP3r8=
modernc.org/token v1.1.0 h1:Xl7Guo7K5SZiT0ECX/IX2UITs9pLkVQrVhY7ayLDOo=
modernc.org/token v1.1.0/go.mod h1:UGzOrNV1mAFSEB63lOFHIecocUTtn9c7ul/rDAjAtE=
modernc.org/ccgo/v3 v3.21.9 h1:ZNccl6GhIEAZB4f6A9xZJu8dGfWQv4R1v5gShHWJfI=
modernc.org/ccgo/v3 v3.21.9/go.mod h1:mS8/6OMJb1iCJu8xJEi1xqjEemKqv9qRYEhGgvfFkk=
golang.org/x/mod v0.21.0 h1:vvrHzRwAqkL2z6W+dkuPy04TNrVZENMbtBzYcTSDog=
golang.org/x/mod v0.21.0/go.mod h1:6aPplFC5kweD3J1XT28XFaHVlmfyoozciP+ggxKXqQ=
golang.org/x/tools v0.25.0 h1:oFU9moezL/LYeZtMRrNAZVhm93CI2xIrQmWnd+mkVI=
golang.org/x/tools v0.25.0/go.mod h1:YD2VgKk8DEqmIlnT8qWILpEd7RnLSS3s+kbkh7bfs0=
